
Microsoft Visual Studio Solution File, Format Version 12.00
# Visual Studio 15
VisualStudioVersion = 15.0.28307.329
MinimumVisualStudioVersion = 10.0.40219.1
Project("{9A19103F-16F7-4668-BE54-9A1E7A4F7556}") = "CC.ToDo", "CC.ToDo\CC.ToDo.csproj", "{1A919923-444E-47DA-A78A-3CFD2089F12F}"
EndProject
Project("{9A19103F-16F7-4668-BE54-9A1E7A4F7556}") = "CC.ToDo.Data.LiteDB", "CC.ToDo.Data.LiteDB\CC.ToDo.Data.LiteDB.csproj", "{14A8F0D1-29E5-4B11-BAAE-7E83ABBA9C69}"
EndProject
Project("{9A19103F-16F7-4668-BE54-9A1E7A4F7556}") = "CC.ToDo.Domain", "CC.ToDo.Domain\CC.ToDo.Domain.csproj", "{797C6B7C-1633-487A-B811-ED30A9B4522C}"
EndProject
Global
	GlobalSection(SolutionConfigurationPlatforms) = preSolution
		Debug|Any CPU = Debug|Any CPU
		Release|Any CPU = Release|Any CPU
	EndGlobalSection
	GlobalSection(ProjectConfigurationPlatforms) = postSolution
		{1A919923-444E-47DA-A78A-3CFD2089F12F}.Debug|Any CPU.ActiveCfg = Debug|Any CPU
		{1A919923-444E-47DA-A78A-3CFD2089F12F}.Debug|Any CPU.Build.0 = Debug|Any CPU
		{1A919923-444E-47DA-A78A-3CFD2089F12F}.Release|Any CPU.ActiveCfg = Release|Any CPU
		{1A919923-444E-47DA-A78A-3CFD2089F12F}.Release|Any CPU.Build.0 = Release|Any CPU
		{14A8F0D1-29E5-4B11-BAAE-7E83ABBA9C69}.Debug|Any CPU.ActiveCfg = Debug|Any CPU
		{14A8F0D1-29E5-4B11-BAAE-7E83ABBA9C69}.Debug|Any CPU.Build.0 = Debug|Any CPU
		{14A8F0D1-29E5-4B11-BAAE-7E83ABBA9C69}.Release|Any CPU.ActiveCfg = Release|Any CPU
		{14A8F0D1-29E5-4B11-BAAE-7E83ABBA9C69}.Release|Any CPU.Build.0 = Release|Any CPU
		{797C6B7C-1633-487A-B811-ED30A9B4522C}.Debug|Any CPU.ActiveCfg = Debug|Any CPU
		{797C6B7C-1633-487A-B811-ED30A9B4522C}.Debug|Any CPU.Build.0 = Debug|Any CPU
		{797C6B7C-1633-487A-B811-ED30A9B4522C}.Release|Any CPU.ActiveCfg = Release|Any CPU
		{797C6B7C-1633-487A-B811-ED30A9B4522C}.Release|Any CPU.Build.0 = Release|Any CPU
	EndGlobalSection
	GlobalSection(SolutionProperties) = preSolution
		HideSolutionNode = FALSE
	EndGlobalSection
	GlobalSection(ExtensibilityGlobals) = postSolution
		SolutionGuid = {70BB2512-5ED4-439F-822B-2C91AFED33A9}
	EndGlobalSection
EndGlobal
